// !$*UTF8*$!
{
	archiveVersion = 1;
	classes = {
	};
	objectVersion = 50;
	objects = {

/* Begin PBXBuildFile section */
		FF51E958249EDDBB0003B865 /* AppDelegate.swift in Sources */ = {isa = PBXBuildFile; fileRef = FF51E957249EDDBB0003B865 /* AppDelegate.swift */; };
		FF51E95A249EDDBB0003B865 /* SceneDelegate.swift in Sources */ = {isa = PBXBuildFile; fileRef = FF51E959249EDDBB0003B865 /* SceneDelegate.swift */; };
		FF51E95C249EDDBB0003B865 /* ContentView.swift in Sources */ = {isa = PBXBuildFile; fileRef = FF51E95B249EDDBB0003B865 /* ContentView.swift */; };
		FF51E95E249EDDBC0003B865 /* Assets.xcassets in Resources */ = {isa = PBXBuildFile; fileRef = FF51E95D249EDDBC0003B865 /* Assets.xcassets */; };
		FF51E961249EDDBC0003B865 /* Preview Assets.xcassets in Resources */ = {isa = PBXBuildFile; fileRef = FF51E960249EDDBC0003B865 /* Preview Assets.xcassets */; };
		FF51E964249EDDBC0003B865 /* LaunchScreen.storyboard in Resources */ = {isa = PBXBuildFile; fileRef = FF51E962249EDDBC0003B865 /* LaunchScreen.storyboard */; };
		FF51E96D249EDDE20003B865 /* Todo.swift in Sources */ = {isa = PBXBuildFile; fileRef = FF51E96C249EDDE20003B865 /* Todo.swift */; };
		FF51E970249EE3500003B865 /* TodoListData.swift in Sources */ = {isa = PBXBuildFile; fileRef = FF51E96F249EE3500003B865 /* TodoListData.swift */; };
/* End PBXBuildFile section */

/* Begin PBXFileReference section */
		FF51E954249EDDBB0003B865 /* todo_app.app */ = {isa = PBXFileReference; explicitFileType = wrapper.application; includeInIndex = 0; path = todo_app.app; sourceTree = BUILT_PRODUCTS_DIR; };
		FF51E957249EDDBB0003B865 /* AppDelegate.swift */ = {isa = PBXFileReference; lastKnownFileType = sourcecode.swift; path = AppDelegate.swift; sourceTree = "<group>"; };
		FF51E959249EDDBB0003B865 /* SceneDelegate.swift */ = {isa = PBXFileReference; lastKnownFileType = sourcecode.swift; path = SceneDelegate.swift; sourceTree = "<group>"; };
		FF51E95B249EDDBB0003B865 /* ContentView.swift */ = {isa = PBXFileReference; lastKnownFileType = sourcecode.swift; path = ContentView.swift; sourceTree = "<group>"; };
		FF51E95D249EDDBC0003B865 /* Assets.xcassets */ = {isa = PBXFileReference; lastKnownFileType = folder.assetcatalog; path = Assets.xcassets; sourceTree = "<group>"; };
		FF51E960249EDDBC0003B865 /* Preview Assets.xcassets */ = {isa = PBXFileReference; lastKnownFileType = folder.assetcatalog; path = "Preview Assets.xcassets"; sourceTree = "<group>"; };
		FF51E963249EDDBC0003B865 /* Base */ = {isa = PBXFileReference; lastKnownFileType = file.storyboard; name = Base; path = Base.lproj/LaunchScreen.storyboard; sourceTree = "<group>"; };
		FF51E965249EDDBC0003B865 /* Info.plist */ = {isa = PBXFileReference; lastKnownFileType = text.plist.xml; path = Info.plist; sourceTree = "<group>"; };
		FF51E96C249EDDE20003B865 /* Todo.swift */ = {isa = PBXFileReference; lastKnownFileType = sourcecode.swift; path = Todo.swift; sourceTree = "<group>"; };
		FF51E96F249EE3500003B865 /* TodoListData.swift */ = {isa = PBXFileReference; lastKnownFileType = sourcecode.swift; path = TodoListData.swift; sourceTree = "<group>"; };
/* End PBXFileReference section */

/* Begin PBXFrameworksBuildPhase section */
		FF51E951249EDDBB0003B865 /* Frameworks */ = {
			isa = PBXFrameworksBuildPhase;
			buildActionMask = 2147483647;
			files = (
			);
			runOnlyForDeploymentPostprocessing = 0;
		};
/* End PBXFrameworksBuildPhase section */

/* Begin PBXGroup section */
		FF51E94B249EDDBB0003B865 = {
			isa = PBXGroup;
			children = (
				FF51E956249EDDBB0003B865 /* todo_app */,
				FF51E955249EDDBB0003B865 /* Products */,
			);
			sourceTree = "<group>";
		};
		FF51E955249EDDBB0003B865 /* Products */ = {
			isa = PBXGroup;
			children = (
				FF51E954249EDDBB0003B865 /* todo_app.app */,
			);
			name = Products;
			sourceTree = "<group>";
		};
		FF51E956249EDDBB0003B865 /* todo_app */ = {
			isa = PBXGroup;
			children = (
				FF51E96E249EDFC70003B865 /* View */,
				FF51E96B249EDDD40003B865 /* Model */,
				FF51E957249EDDBB0003B865 /* AppDelegate.swift */,
				FF51E959249EDDBB0003B865 /* SceneDelegate.swift */,
				FF51E95B249EDDBB0003B865 /* ContentView.swift */,
				FF51E95D249EDDBC0003B865 /* Assets.xcassets */,
				FF51E962249EDDBC0003B865 /* LaunchScreen.storyboard */,
				FF51E965249EDDBC0003B865 /* Info.plist */,
				FF51E95F249EDDBC0003B865 /* Preview Content */,
			);
			path = todo_app;
			sourceTree = "<group>";
		};
		FF51E95F249EDDBC0003B865 /* Preview Content */ = {
			isa = PBXGroup;
			children = (
				FF51E960249EDDBC0003B865 /* Preview Assets.xcassets */,
			);
			path = "Preview Content";
			sourceTree = "<group>";
		};
		FF51E96B249EDDD40003B865 /* Model */ = {
			isa = PBXGroup;
			children = (
				FF51E96C249EDDE20003B865 /* Todo.swift */,
				FF51E96F249EE3500003B865 /* TodoListData.swift */,
			);
			path = Model;
			sourceTree = "<group>";
		};
		FF51E96E249EDFC70003B865 /* View */ = {
			isa = PBXGroup;
			children = (
			);
			path = View;
			sourceTree = "<group>";
		};
/* End PBXGroup section */

/* Begin PBXNativeTarget section */
		FF51E953249EDDBB0003B865 /* todo_app */ = {
			isa = PBXNativeTarget;
			buildConfigurationList = FF51E968249EDDBC0003B865 /* Build configuration list for PBXNativeTarget "todo_app" */;
			buildPhases = (
				FF51E950249EDDBB0003B865 /* Sources */,
				FF51E951249EDDBB0003B865 /* Frameworks */,
				FF51E952249EDDBB0003B865 /* Resources */,
			);
			buildRules = (
			);
			dependencies = (
			);
			name = todo_app;
			productName = todo_app;
			productReference = FF51E954249EDDBB0003B865 /* todo_app.app */;
			productType = "com.apple.product-type.application";
		};
/* End PBXNativeTarget section */

/* Begin PBXProject section */
		FF51E94C249EDDBB0003B865 /* Project object */ = {
			isa = PBXProject;
			attributes = {
				LastSwiftUpdateCheck = 1150;
				LastUpgradeCheck = 1150;
				ORGANIZATIONNAME = tientran;
				TargetAttributes = {
					FF51E953249EDDBB0003B865 = {
						CreatedOnToolsVersion = 11.5;
					};
				};
			};
			buildConfigurationList = FF51E94F249EDDBB0003B865 /* Build configuration list for PBXProject "todo_app" */;
			compatibilityVersion = "Xcode 9.3";
			developmentRegion = en;
			hasScannedForEncodings = 0;
			knownRegions = (
				en,
				Base,
			);
			mainGroup = FF51E94B249EDDBB0003B865;
			productRefGroup = FF51E955249EDDBB0003B865 /* Products */;
			projectDirPath = "";
			projectRoot = "";
			targets = (
				FF51E953249EDDBB0003B865 /* todo_app */,
			);
		};
/* End PBXProject section */

/* Begin PBXResourcesBuildPhase section */
		FF51E952249EDDBB0003B865 /* Resources */ = {
			isa = PBXResourcesBuildPhase;
			buildActionMask = 2147483647;
			files = (
				FF51E964249EDDBC0003B865 /* LaunchScreen.storyboard in Resources */,
				FF51E961249EDDBC0003B865 /* Preview Assets.xcassets in Resources */,
				FF51E95E249EDDBC0003B865 /* Assets.xcassets in Resources */,
			);
			runOnlyForDeploymentPostprocessing = 0;
		};
/* End PBXResourcesBuildPhase section */

/* Begin PBXSourcesBuildPhase section */
		FF51E950249EDDBB0003B865 /* Sources */ = {
			isa = PBXSourcesBuildPhase;
			buildActionMask = 2147483647;
			files = (
				FF51E958249EDDBB0003B865 /* AppDelegate.swift in Sources */,
				FF51E96D249EDDE20003B865 /* Todo.swift in Sources */,
				FF51E95A249EDDBB0003B865 /* SceneDelegate.swift in Sources */,
				FF51E970249EE3500003B865 /* TodoListData.swift in Sources */,
				FF51E95C249EDDBB0003B865 /* ContentView.swift in Sources */,
			);
			runOnlyForDeploymentPostprocessing = 0;
		};
/* End PBXSourcesBuildPhase section */

/* Begin PBXVariantGroup section */
		FF51E962249EDDBC0003B865 /* LaunchScreen.storyboard */ = {
			isa = PBXVariantGroup;
			children = (
				FF51E963249EDDBC0003B865 /* Base */,
			);
			name = LaunchScreen.storyboard;
			sourceTree = "<group>";
		};
/* End PBXVariantGroup section */

/* Begin XCBuildConfiguration section */
		FF51E966249EDDBC0003B865 /* Debug */ = {
			isa = XCBuildConfiguration;
			buildSettings = {
				ALWAYS_SEARCH_USER_PATHS = NO;
				CLANG_ANALYZER_NONNULL = YES;
				CLANG_ANALYZER_NUMBER_OBJECT_CONVERSION = YES_AGGRESSIVE;
				CLANG_CXX_LANGUAGE_STANDARD = "gnu++14";
				CLANG_CXX_LIBRARY = "libc++";
				CLANG_ENABLE_MODULES = YES;
				CLANG_ENABLE_OBJC_ARC = YES;
				CLANG_ENABLE_OBJC_WEAK = YES;
				CLANG_WARN_BLOCK_CAPTURE_AUTORELEASING = YES;
				CLANG_WARN_BOOL_CONVERSION = YES;
				CLANG_WARN_COMMA = YES;
				CLANG_WARN_CONSTANT_CONVERSION = YES;
				CLANG_WARN_DEPRECATED_OBJC_IMPLEMENTATIONS = YES;
				CLANG_WARN_DIRECT_OBJC_ISA_USAGE = YES_ERROR;
				CLANG_WARN_DOCUMENTATION_COMMENTS = YES;
				CLANG_WARN_EMPTY_BODY = YES;
				CLANG_WARN_ENUM_CONVERSION = YES;
				CLANG_WARN_INFINITE_RECURSION = YES;
				CLANG_WARN_INT_CONVERSION = YES;
				CLANG_WARN_NON_LITERAL_NULL_CONVERSION = YES;
				CLANG_WARN_OBJC_IMPLICIT_RETAIN_SELF = YES;
				CLANG_WARN_OBJC_LITERAL_CONVERSION = YES;
				CLANG_WARN_OBJC_ROOT_CLASS = YES_ERROR;
				CLANG_WARN_RANGE_LOOP_ANALYSIS = YES;
				CLANG_WARN_STRICT_PROTOTYPES = YES;
				CLANG_WARN_SUSPICIOUS_MOVE = YES;
				CLANG_WARN_UNGUARDED_AVAILABILITY = YES_AGGRESSIVE;
				CLANG_WARN_UNREACHABLE_CODE = YES;
				CLANG_WARN__DUPLICATE_METHOD_MATCH = YES;
				COPY_PHASE_STRIP = NO;
				DEBUG_INFORMATION_FORMAT = dwarf;
				ENABLE_STRICT_OBJC_MSGSEND = YES;
				ENABLE_TESTABILITY = YES;
				GCC_C_LANGUAGE_STANDARD = gnu11;
				GCC_DYNAMIC_NO_PIC = NO;
				GCC_NO_COMMON_BLOCKS = YES;
				GCC_OPTIMIZATION_LEVEL = 0;
				GCC_PREPROCESSOR_DEFINITIONS = (
					"DEBUG=1",
					"$(inherited)",
				);
				GCC_WARN_64_TO_32_BIT_CONVERSION = YES;
				GCC_WARN_ABOUT_RETURN_TYPE = YES_ERROR;
				GCC_WARN_UNDECLARED_SELECTOR = YES;
				GCC_WARN_UNINITIALIZED_AUTOS = YES_AGGRESSIVE;
				GCC_WARN_UNUSED_FUNCTION = YES;
				GCC_WARN_UNUSED_VARIABLE = YES;
				IPHONEOS_DEPLOYMENT_TARGET = 13.5;
				MTL_ENABLE_DEBUG_INFO = INCLUDE_SOURCE;
				MTL_FAST_MATH = YES;
				ONLY_ACTIVE_ARCH = YES;
				SDKROOT = iphoneos;
				SWIFT_ACTIVE_COMPILATION_CONDITIONS = DEBUG;
				SWIFT_OPTIMIZATION_LEVEL = "-Onone";
			};
			name = Debug;
		};
		FF51E967249EDDBC0003B865 /* Release */ = {
			isa = XCBuildConfiguration;
			buildSettings = {
				ALWAYS_SEARCH_USER_PATHS = NO;
				CLANG_ANALYZER_NONNULL = YES;
				CLANG_ANALYZER_NUMBER_OBJECT_CONVERSION = YES_AGGRESSIVE;
				CLANG_CXX_LANGUAGE_STANDARD = "gnu++14";
				CLANG_CXX_LIBRARY = "libc++";
				CLANG_ENABLE_MODULES = YES;
				CLANG_ENABLE_OBJC_ARC = YES;
				CLANG_ENABLE_OBJC_WEAK = YES;
				CLANG_WARN_BLOCK_CAPTURE_AUTORELEASING = YES;
				CLANG_WARN_BOOL_CONVERSION = YES;
				CLANG_WARN_COMMA = YES;
				CLANG_WARN_CONSTANT_CONVERSION = YES;
				CLANG_WARN_DEPRECATED_OBJC_IMPLEMENTATIONS = YES;
				CLANG_WARN_DIRECT_OBJC_ISA_USAGE = YES_ERROR;
				CLANG_WARN_DOCUMENTATION_COMMENTS = YES;
				CLANG_WARN_EMPTY_BODY = YES;
				CLANG_WARN_ENUM_CONVERSION = YES;
				CLANG_WARN_INFINITE_RECURSION = YES;
				CLANG_WARN_INT_CONVERSION = YES;
				CLANG_WARN_NON_LITERAL_NULL_CONVERSION = YES;
				CLANG_WARN_OBJC_IMPLICIT_RETAIN_SELF = YES;
				CLANG_WARN_OBJC_LITERAL_CONVERSION = YES;
				CLANG_WARN_OBJC_ROOT_CLASS = YES_ERROR;
				CLANG_WARN_RANGE_LOOP_ANALYSIS = YES;
				CLANG_WARN_STRICT_PROTOTYPES = YES;
				CLANG_WARN_SUSPICIOUS_MOVE = YES;
				CLANG_WARN_UNGUARDED_AVAILABILITY = YES_AGGRESSIVE;
				CLANG_WARN_UNREACHABLE_CODE = YES;
				CLANG_WARN__DUPLICATE_METHOD_MATCH = YES;
				COPY_PHASE_STRIP = NO;
				DEBUG_INFORMATION_FORMAT = "dwarf-with-dsym";
				ENABLE_NS_ASSERTIONS = NO;
				ENABLE_STRICT_OBJC_MSGSEND = YES;
				GCC_C_LANGUAGE_STANDARD = gnu11;
				GCC_NO_COMMON_BLOCKS = YES;
				GCC_WARN_64_TO_32_BIT_CONVERSION = YES;
				GCC_WARN_ABOUT_RETURN_TYPE = YES_ERROR;
				GCC_WARN_UNDECLARED_SELECTOR = YES;
				GCC_WARN_UNINITIALIZED_AUTOS = YES_AGGRESSIVE;
				GCC_WARN_UNUSED_FUNCTION = YES;
				GCC_WARN_UNUSED_VARIABLE = YES;
				IPHONEOS_DEPLOYMENT_TARGET = 13.5;
				MTL_ENABLE_DEBUG_INFO = NO;
				MTL_FAST_MATH = YES;
				SDKROOT = iphoneos;
				SWIFT_COMPILATION_MODE = wholemodule;
				SWIFT_OPTIMIZATION_LEVEL = "-O";
				VALIDATE_PRODUCT = YES;
			};
			name = Release;
		};
		FF51E969249EDDBC0003B865 /* Debug */ = {
			isa = XCBuildConfiguration;
			buildSettings = {
				ASSETCATALOG_COMPILER_APPICON_NAME = AppIcon;
				CODE_SIGN_STYLE = Automatic;
				DEVELOPMENT_ASSET_PATHS = "\"todo_app/Preview Content\"";
				ENABLE_PREVIEWS = YES;
				INFOPLIST_FILE = todo_app/Info.plist;
				LD_RUNPATH_SEARCH_PATHS = (
					"$(inherited)",
					"@executable_path/Frameworks",
				);
				PRODUCT_BUNDLE_IDENTIFIER = "tientranzt.todo-app";
				PRODUCT_NAME = "$(TARGET_NAME)";
				SWIFT_VERSION = 5.0;
				TARGETED_DEVICE_FAMILY = "1,2";
			};
			name = Debug;
		};
		FF51E96A249EDDBC0003B865 /* Release */ = {
			isa = XCBuildConfiguration;
			buildSettings = {
				ASSETCATALOG_COMPILER_APPICON_NAME = AppIcon;
				CODE_SIGN_STYLE = Automatic;
				DEVELOPMENT_ASSET_PATHS = "\"todo_app/Preview Content\"";
				ENABLE_PREVIEWS = YES;
				INFOPLIST_FILE = todo_app/Info.plist;
				LD_RUNPATH_SEARCH_PATHS = (
					"$(inherited)",
					"@executable_path/Frameworks",
				);
				PRODUCT_BUNDLE_IDENTIFIER = "tientranzt.todo-app";
				PRODUCT_NAME = "$(TARGET_NAME)";
				SWIFT_VERSION = 5.0;
				TARGETED_DEVICE_FAMILY = "1,2";
			};
			name = Release;
		};
/* End XCBuildConfiguration section */

/* Begin XCConfigurationList section */
		FF51E94F249EDDBB0003B865 /* Build configuration list for PBXProject "todo_app" */ = {
			isa = XCConfigurationList;
			buildConfigurations = (
				FF51E966249EDDBC0003B865 /* Debug */,
				FF51E967249EDDBC0003B865 /* Release */,
			);
			defaultConfigurationIsVisible = 0;
			defaultConfigurationName = Release;
		};
		FF51E968249EDDBC0003B865 /* Build configuration list for PBXNativeTarget "todo_app" */ = {
			isa = XCConfigurationList;
			buildConfigurations = (
				FF51E969249EDDBC0003B865 /* Debug */,
				FF51E96A249EDDBC0003B865 /* Release */,
			);
			defaultConfigurationIsVisible = 0;
			defaultConfigurationName = Release;
		};
/* End XCConfigurationList section */
	};
	rootObject = FF51E94C249EDDBB0003B865 /* Project object */;
}
